<?xml version="1.0" encoding="utf-8"?>
<Project ToolsVersion="4.0" xmlns="http://schemas.microsoft.com/developer/msbuild/2003">
  <ItemGroup>
    <Filter Include="Source Files">
      <UniqueIdentifier>{4FC737F1-C7A5-4376-A066-2A32D752A2FF}</UniqueIdentifier>
      <Extensions>cpp;c;cc;cxx;def;odl;idl;hpj;bat;asm;asmx</Extensions>
    </Filter>
    <Filter Include="Resource Files">
      <UniqueIdentifier>{67DA6AB6-F800-4c08-8B7A-83BB121AAD01}</UniqueIdentifier>
      <Extensions>rc;ico;cur;bmp;dlg;rc2;rct;bin;rgs;gif;jpg;jpeg;jpe;resx;tiff;tif;png;wav;mfcribbon-ms</Extensions>
    </Filter>
    <Filter Include="Source Files\Main">
      <UniqueIdentifier>{8b2f74b3-cd8f-4a12-aabe-c58f46ba6fda}</UniqueIdentifier>
    </Filter>
    <Filter Include="Headers">
      <UniqueIdentifier>{d0e0919f-3e67-43c1-85b3-877ddd6cccdf}</UniqueIdentifier>
    </Filter>
    <Filter Include="Source Files\Math">
      <UniqueIdentifier>{deb1f9f8-8ce1-475b-8c8b-ec713982722c}</UniqueIdentifier>
    </Filter>
    <Filter Include="Source Files\Systems">
      <UniqueIdentifier>{3c80fc05-12d8-4649-8679-d3644ca1e729}</UniqueIdentifier>
    </Filter>
    <Filter Include="Source Files\Systems\Graphics">
      <UniqueIdentifier>{fecd5927-5e4d-48e2-94f7-48be2425f9ea}</UniqueIdentifier>
    </Filter>
    <Filter Include="Source Files\Systems\Windows">
      <UniqueIdentifier>{a8518ea9-0439-470a-89f5-c5557083b61c}</UniqueIdentifier>
    </Filter>
    <Filter Include="Source Files\Systems\Messaging">
      <UniqueIdentifier>{f8fa57c9-aa66-49c2-a282-164321b0e375}</UniqueIdentifier>
    </Filter>
    <Filter Include="Source Files\Systems\Graphics\OpenGL">
      <UniqueIdentifier>{a0380d7d-0c07-4f8a-9963-0d64384637d9}</UniqueIdentifier>
    </Filter>
    <Filter Include="Resource Files\Shaders">
      <UniqueIdentifier>{a63bed7e-0ced-4b1d-8c79-595fb5c8869e}</UniqueIdentifier>
    </Filter>
    <Filter Include="Source Files\Systems\Graphics\Camera">
      <UniqueIdentifier>{95404021-ec83-47a9-a68b-45e2141b6129}</UniqueIdentifier>
    </Filter>
    <Filter Include="Source Files\Systems\Graphics\Lighting">
      <UniqueIdentifier>{138c5158-c796-4aef-a528-aa5be300eea7}</UniqueIdentifier>
    </Filter>
    <Filter Include="Source Files\Systems\Graphics\OpenGL\Shaders">
      <UniqueIdentifier>{9a7b4e76-3e8e-4535-ad2a-e1bbb47b0469}</UniqueIdentifier>
    </Filter>
    <Filter Include="Resource Files\Shaders\Vertex">
      <UniqueIdentifier>{b34da888-885d-4ed3-b52c-bc879a1d8e2d}</UniqueIdentifier>
    </Filter>
    <Filter Include="Resource Files\Shaders\Fragment">
      <UniqueIdentifier>{154c18e4-bc9a-4d65-b331-caf597b3b949}</UniqueIdentifier>
    </Filter>
    <Filter Include="Source Files\Systems\Graphics\Mesh">
      <UniqueIdentifier>{32836f09-a75e-49f3-b739-b108fa947f19}</UniqueIdentifier>
    </Filter>
    <Filter Include="Source Files\Systems\Graphics\Mesh\Serialization Policy">
      <UniqueIdentifier>{bc52b871-8bf3-42fc-ba0e-f1420568b8a3}</UniqueIdentifier>
    </Filter>
    <Filter Include="Resource Files\Meshes">
      <UniqueIdentifier>{f4cceb21-083b-46c0-acc9-44504db18895}</UniqueIdentifier>
    </Filter>
  </ItemGroup>
  <ItemGroup>
    <Text Include="Resources\config.txt">
      <Filter>Resource Files</Filter>
    </Text>
    <Text Include="Resources\Shaders\PosColorWorldTransform.vert">
      <Filter>Resource Files\Shaders\Vertex</Filter>
    </Text>
    <Text Include="Resources\Shaders\PosOnlyWorldTransform.vert">
      <Filter>Resource Files\Shaders\Vertex</Filter>
    </Text>
  </ItemGroup>
  <ItemGroup>
    <ClCompile Include="Source\EventMessage.cpp">
      <Filter>Source Files\Systems\Messaging</Filter>
    </ClCompile>
    <ClCompile Include="Source\WinMain.cpp">
      <Filter>Source Files\Main</Filter>
    </ClCompile>
    <ClCompile Include="Source\WinSystem.cpp">
      <Filter>Source Files\Systems\Windows</Filter>
    </ClCompile>
    <ClCompile Include="Source\MessagingSystem.cpp">
      <Filter>Source Files\Systems\Messaging</Filter>
    </ClCompile>
    <ClCompile Include="Source\GraphicsSystem.cpp">
      <Filter>Source Files\Systems\Graphics</Filter>
    </ClCompile>
    <ClCompile Include="Source\Matrix.cpp">
      <Filter>Source Files\Math</Filter>
    </ClCompile>
    <ClCompile Include="Source\OpenGL.cpp">
      <Filter>Source Files\Systems\Graphics\OpenGL</Filter>
    </ClCompile>
    <ClCompile Include="Source\ShaderManager.cpp">
      <Filter>Source Files\Systems\Graphics\OpenGL\Shaders</Filter>
    </ClCompile>
    <ClCompile Include="Source\MatrixStack.cpp">
      <Filter>Source Files\Math</Filter>
    </ClCompile>
    <ClCompile Include="Source\Camera.cpp">
      <Filter>Source Files\Systems\Graphics\Camera</Filter>
    </ClCompile>
    <ClCompile Include="Source\Loader.cpp">
      <Filter>Source Files\Systems\Graphics\Mesh\Serialization Policy</Filter>
    </ClCompile>
  </ItemGroup>
  <ItemGroup>
    <ClInclude Include="Source\EventMessage.h">
      <Filter>Source Files\Systems\Messaging</Filter>
    </ClInclude>
    <ClInclude Include="Source\WinSystem.h">
      <Filter>Source Files\Systems\Windows</Filter>
    </ClInclude>
    <ClInclude Include="Source\System.h">
      <Filter>Source Files\Systems</Filter>
    </ClInclude>
    <ClInclude Include="Source\MessagingSystem.h">
      <Filter>Source Files\Systems\Messaging</Filter>
    </ClInclude>
    <ClInclude Include="Source\GLHeaders.h">
      <Filter>Headers</Filter>
    </ClInclude>
    <ClInclude Include="Source\GraphicsSystem.h">
      <Filter>Source Files\Systems\Graphics</Filter>
    </ClInclude>
    <ClInclude Include="Source\Math.h">
      <Filter>Source Files\Math</Filter>
    </ClInclude>
    <ClInclude Include="Source\Matrix.h">
      <Filter>Source Files\Math</Filter>
    </ClInclude>
    <ClInclude Include="Source\Vector.h">
      <Filter>Source Files\Math</Filter>
    </ClInclude>
    <ClInclude Include="Source\OpenGL.h">
      <Filter>Source Files\Systems\Graphics\OpenGL</Filter>
    </ClInclude>
    <ClInclude Include="Source\ShaderManager.h">
      <Filter>Source Files\Systems\Graphics\OpenGL\Shaders</Filter>
    </ClInclude>
    <ClInclude Include="Source\MatrixStack.h">
      <Filter>Source Files\Math</Filter>
    </ClInclude>
    <ClInclude Include="Source\Shaders.h">
      <Filter>Source Files\Systems\Graphics\OpenGL\Shaders</Filter>
    </ClInclude>
    <ClInclude Include="resource.h" />
    <ClInclude Include="Source\Camera.h">
      <Filter>Source Files\Systems\Graphics\Camera</Filter>
    </ClInclude>
    <ClInclude Include="Source\Loader.h">
      <Filter>Source Files\Systems\Graphics\Mesh\Serialization Policy</Filter>
    </ClInclude>
    <ClInclude Include="Source\Mesh.h">
      <Filter>Source Files\Systems\Graphics\Mesh</Filter>
    </ClInclude>
  </ItemGroup>
  <ItemGroup>
    <ResourceCompile Include="Dungeons3D.rc">
      <Filter>Resource Files</Filter>
    </ResourceCompile>
  </ItemGroup>
  <ItemGroup>
    <None Include="Resources\Shaders\ColorUniform.frag">
      <Filter>Resource Files\Shaders\Fragment</Filter>
    </None>
    <None Include="Resources\Shaders\ColorMultUniform.frag">
      <Filter>Resource Files\Shaders\Fragment</Filter>
    </None>
    <None Include="Resources\Shaders\ColorPassthrough.frag">
      <Filter>Resource Files\Shaders\Fragment</Filter>
    </None>
    <None Include="Resources\Meshes\UnitCone.mesh">
      <Filter>Resource Files\Meshes</Filter>
    </None>
    <None Include="Resources\Meshes\UnitCylinder.mesh">
      <Filter>Resource Files\Meshes</Filter>
    </None>
    <None Include="Resources\Meshes\UnitCube.mesh">
      <Filter>Resource Files\Meshes</Filter>
    </None>
    <None Include="Resources\Meshes\UnitCubeColor.mesh">
      <Filter>Resource Files\Meshes</Filter>
    </None>
    <None Include="Resources\Meshes\UnitPlane.mesh">
      <Filter>Resource Files\Meshes</Filter>
    </None>
    <None Include="Resources\Shaders\Default.vert">
      <Filter>Resource Files\Shaders\Vertex</Filter>
    </None>
    <None Include="Resources\Shaders\Default.frag">
      <Filter>Resource Files\Shaders\Fragment</Filter>
    </None>
  </ItemGroup>
</Project>